// !$*UTF8*$!
{
	archiveVersion = 1;
	classes = {
	};
	objectVersion = 50;
	objects = {

/* Begin PBXBuildFile section */
		2F07F6AA24160D8C00079788 /* Extensions.swift in Sources */ = {isa = PBXBuildFile; fileRef = 2F07F6A924160D8C00079788 /* Extensions.swift */; };
		2F07F6AD24160E9100079788 /* Localizable.strings in Resources */ = {isa = PBXBuildFile; fileRef = 2F07F6AF24160E9100079788 /* Localizable.strings */; };
		2F07F6BC2416199900079788 /* .swiftlint.yml in Resources */ = {isa = PBXBuildFile; fileRef = 2F07F6BB2416199900079788 /* .swiftlint.yml */; };
		2FBFA9A724122950006B863C /* AppDelegate.swift in Sources */ = {isa = PBXBuildFile; fileRef = 2FBFA9A624122950006B863C /* AppDelegate.swift */; };
		2FBFA9AE24122951006B863C /* Assets.xcassets in Resources */ = {isa = PBXBuildFile; fileRef = 2FBFA9AD24122951006B863C /* Assets.xcassets */; };
		2FBFA9B124122951006B863C /* LaunchScreen.storyboard in Resources */ = {isa = PBXBuildFile; fileRef = 2FBFA9AF24122951006B863C /* LaunchScreen.storyboard */; };
		2FBFA9BC24122951006B863C /* ios_AssignmentTests.swift in Sources */ = {isa = PBXBuildFile; fileRef = 2FBFA9BB24122951006B863C /* ios_AssignmentTests.swift */; };
		2FBFA9C824123083006B863C /* CountryListModel.swift in Sources */ = {isa = PBXBuildFile; fileRef = 2FBFA9C724123083006B863C /* CountryListModel.swift */; };
		2FBFA9CB241230BB006B863C /* CountryListVM.swift in Sources */ = {isa = PBXBuildFile; fileRef = 2FBFA9CA241230BB006B863C /* CountryListVM.swift */; };
		2FBFA9CF2412311B006B863C /* CountryListCell.swift in Sources */ = {isa = PBXBuildFile; fileRef = 2FBFA9CE2412311B006B863C /* CountryListCell.swift */; };
		2FBFA9D32412315F006B863C /* CountryList.swift in Sources */ = {isa = PBXBuildFile; fileRef = 2FBFA9D22412315F006B863C /* CountryList.swift */; };
		2FBFA9D624123338006B863C /* Constant.swift in Sources */ = {isa = PBXBuildFile; fileRef = 2FBFA9D524123338006B863C /* Constant.swift */; };
		2FBFA9D824123348006B863C /* URLHandler.swift in Sources */ = {isa = PBXBuildFile; fileRef = 2FBFA9D724123348006B863C /* URLHandler.swift */; };
		2FBFA9DA241276ED006B863C /* Themes.swift in Sources */ = {isa = PBXBuildFile; fileRef = 2FBFA9D9241276ED006B863C /* Themes.swift */; };
		2FBFA9DC241277AB006B863C /* Reachability.swift in Sources */ = {isa = PBXBuildFile; fileRef = 2FBFA9DB241277AB006B863C /* Reachability.swift */; };
		61AF20720188DE1FD19B11FE /* Pods_ios_Assignment.framework in Frameworks */ = {isa = PBXBuildFile; fileRef = BE73F34E059B6E0875C9C81B /* Pods_ios_Assignment.framework */; };
		8FF415EE3C17022BAEC6F647 /* Pods_ios_AssignmentTests.framework in Frameworks */ = {isa = PBXBuildFile; fileRef = 7D96EE4D8C2E1B0868EA6CAC /* Pods_ios_AssignmentTests.framework */; };
/* End PBXBuildFile section */

/* Begin PBXContainerItemProxy section */
		2FBFA9B824122951006B863C /* PBXContainerItemProxy */ = {
			isa = PBXContainerItemProxy;
			containerPortal = 2FBFA99B24122950006B863C /* Project object */;
			proxyType = 1;
			remoteGlobalIDString = 2FBFA9A224122950006B863C;
			remoteInfo = "ios Assignment";
		};
/* End PBXContainerItemProxy section */

/* Begin PBXFileReference section */
		2F07F6A924160D8C00079788 /* Extensions.swift */ = {isa = PBXFileReference; lastKnownFileType = sourcecode.swift; path = Extensions.swift; sourceTree = "<group>"; };
		2F07F6AE24160E9100079788 /* en */ = {isa = PBXFileReference; lastKnownFileType = text.plist.strings; name = en; path = en.lproj/Localizable.strings; sourceTree = "<group>"; };
		2F07F6BB2416199900079788 /* .swiftlint.yml */ = {isa = PBXFileReference; lastKnownFileType = text; path = .swiftlint.yml; sourceTree = "<group>"; };
		2FBFA9A324122950006B863C /* ios Assignment.app */ = {isa = PBXFileReference; explicitFileType = wrapper.application; includeInIndex = 0; path = "ios Assignment.app"; sourceTree = BUILT_PRODUCTS_DIR; };
		2FBFA9A624122950006B863C /* AppDelegate.swift */ = {isa = PBXFileReference; lastKnownFileType = sourcecode.swift; path = AppDelegate.swift; sourceTree = "<group>"; };
		2FBFA9AD24122951006B863C /* Assets.xcassets */ = {isa = PBXFileReference; lastKnownFileType = folder.assetcatalog; path = Assets.xcassets; sourceTree = "<group>"; };
		2FBFA9B024122951006B863C /* Base */ = {isa = PBXFileReference; lastKnownFileType = file.storyboard; name = Base; path = Base.lproj/LaunchScreen.storyboard; sourceTree = "<group>"; };
		2FBFA9B224122951006B863C /* Info.plist */ = {isa = PBXFileReference; lastKnownFileType = text.plist.xml; path = Info.plist; sourceTree = "<group>"; };
		2FBFA9B724122951006B863C /* ios AssignmentTests.xctest */ = {isa = PBXFileReference; explicitFileType = wrapper.cfbundle; includeInIndex = 0; path = "ios AssignmentTests.xctest"; sourceTree = BUILT_PRODUCTS_DIR; };
		2FBFA9BB24122951006B863C /* ios_AssignmentTests.swift */ = {isa = PBXFileReference; lastKnownFileType = sourcecode.swift; path = ios_AssignmentTests.swift; sourceTree = "<group>"; };
		2FBFA9BD24122951006B863C /* Info.plist */ = {isa = PBXFileReference; lastKnownFileType = text.plist.xml; path = Info.plist; sourceTree = "<group>"; };
		2FBFA9C724123083006B863C /* CountryListModel.swift */ = {isa = PBXFileReference; lastKnownFileType = sourcecode.swift; path = CountryListModel.swift; sourceTree = "<group>"; };
		2FBFA9CA241230BB006B863C /* CountryListVM.swift */ = {isa = PBXFileReference; lastKnownFileType = sourcecode.swift; path = CountryListVM.swift; sourceTree = "<group>"; };
		2FBFA9CE2412311B006B863C /* CountryListCell.swift */ = {isa = PBXFileReference; lastKnownFileType = sourcecode.swift; path = CountryListCell.swift; sourceTree = "<group>"; };
		2FBFA9D22412315F006B863C /* CountryList.swift */ = {isa = PBXFileReference; lastKnownFileType = sourcecode.swift; path = CountryList.swift; sourceTree = "<group>"; };
		2FBFA9D524123338006B863C /* Constant.swift */ = {isa = PBXFileReference; lastKnownFileType = sourcecode.swift; path = Constant.swift; sourceTree = "<group>"; };
		2FBFA9D724123348006B863C /* URLHandler.swift */ = {isa = PBXFileReference; lastKnownFileType = sourcecode.swift; path = URLHandler.swift; sourceTree = "<group>"; };
		2FBFA9D9241276ED006B863C /* Themes.swift */ = {isa = PBXFileReference; lastKnownFileType = sourcecode.swift; path = Themes.swift; sourceTree = "<group>"; };
		2FBFA9DB241277AB006B863C /* Reachability.swift */ = {isa = PBXFileReference; lastKnownFileType = sourcecode.swift; path = Reachability.swift; sourceTree = "<group>"; };
		3A27234AE8F2FD1A8B040660 /* Pods-ios AssignmentTests.release.xcconfig */ = {isa = PBXFileReference; includeInIndex = 1; lastKnownFileType = text.xcconfig; name = "Pods-ios AssignmentTests.release.xcconfig"; path = "Pods/Target Support Files/Pods-ios AssignmentTests/Pods-ios AssignmentTests.release.xcconfig"; sourceTree = "<group>"; };
		62F166DA21616C401BA454EE /* Pods-ios Assignment.debug.xcconfig */ = {isa = PBXFileReference; includeInIndex = 1; lastKnownFileType = text.xcconfig; name = "Pods-ios Assignment.debug.xcconfig"; path = "Pods/Target Support Files/Pods-ios Assignment/Pods-ios Assignment.debug.xcconfig"; sourceTree = "<group>"; };
		7D96EE4D8C2E1B0868EA6CAC /* Pods_ios_AssignmentTests.framework */ = {isa = PBXFileReference; explicitFileType = wrapper.framework; includeInIndex = 0; path = Pods_ios_AssignmentTests.framework; sourceTree = BUILT_PRODUCTS_DIR; };
		B54C352E594E8107E1A07AE0 /* Pods-ios Assignment.release.xcconfig */ = {isa = PBXFileReference; includeInIndex = 1; lastKnownFileType = text.xcconfig; name = "Pods-ios Assignment.release.xcconfig"; path = "Pods/Target Support Files/Pods-ios Assignment/Pods-ios Assignment.release.xcconfig"; sourceTree = "<group>"; };
		BE73F34E059B6E0875C9C81B /* Pods_ios_Assignment.framework */ = {isa = PBXFileReference; explicitFileType = wrapper.framework; includeInIndex = 0; path = Pods_ios_Assignment.framework; sourceTree = BUILT_PRODUCTS_DIR; };
		E5D52B93699DEA3A1CBE3CD6 /* Pods-ios AssignmentTests.debug.xcconfig */ = {isa = PBXFileReference; includeInIndex = 1; lastKnownFileType = text.xcconfig; name = "Pods-ios AssignmentTests.debug.xcconfig"; path = "Pods/Target Support Files/Pods-ios AssignmentTests/Pods-ios AssignmentTests.debug.xcconfig"; sourceTree = "<group>"; };
/* End PBXFileReference section */

/* Begin PBXFrameworksBuildPhase section */
		2FBFA9A024122950006B863C /* Frameworks */ = {
			isa = PBXFrameworksBuildPhase;
			buildActionMask = 2147483647;
			files = (
				61AF20720188DE1FD19B11FE /* Pods_ios_Assignment.framework in Frameworks */,
			);
			runOnlyForDeploymentPostprocessing = 0;
		};
		2FBFA9B424122951006B863C /* Frameworks */ = {
			isa = PBXFrameworksBuildPhase;
			buildActionMask = 2147483647;
			files = (
				8FF415EE3C17022BAEC6F647 /* Pods_ios_AssignmentTests.framework in Frameworks */,
			);
			runOnlyForDeploymentPostprocessing = 0;
		};
/* End PBXFrameworksBuildPhase section */

/* Begin PBXGroup section */
		2FBFA99A24122950006B863C = {
			isa = PBXGroup;
			children = (
				2F07F6BB2416199900079788 /* .swiftlint.yml */,
				2FBFA9A524122950006B863C /* ios Assignment */,
				2FBFA9BA24122951006B863C /* ios AssignmentTests */,
				2FBFA9A424122950006B863C /* Products */,
				93C29E50D020ADB10F5F1FEB /* Pods */,
				8A0F8A42CC89B67D422E42A1 /* Frameworks */,
			);
			sourceTree = "<group>";
		};
		2FBFA9A424122950006B863C /* Products */ = {
			isa = PBXGroup;
			children = (
				2FBFA9A324122950006B863C /* ios Assignment.app */,
				2FBFA9B724122951006B863C /* ios AssignmentTests.xctest */,
			);
			name = Products;
			sourceTree = "<group>";
		};
		2FBFA9A524122950006B863C /* ios Assignment */ = {
			isa = PBXGroup;
			children = (
				2FBFA9A624122950006B863C /* AppDelegate.swift */,
				2FBFA9C62412305B006B863C /* Model */,
				2FBFA9C92412308E006B863C /* ViewModel */,
				2FBFA9CC241230C9006B863C /* View */,
				2FBFA9D124123141006B863C /* Controller */,
				2FBFA9D424123308006B863C /* Common */,
				2FBFA9AD24122951006B863C /* Assets.xcassets */,
				2FBFA9AF24122951006B863C /* LaunchScreen.storyboard */,
				2FBFA9B224122951006B863C /* Info.plist */,
				2F07F6AF24160E9100079788 /* Localizable.strings */,
			);
			path = "ios Assignment";
			sourceTree = "<group>";
		};
		2FBFA9BA24122951006B863C /* ios AssignmentTests */ = {
			isa = PBXGroup;
			children = (
				2FBFA9BB24122951006B863C /* ios_AssignmentTests.swift */,
				2FBFA9BD24122951006B863C /* Info.plist */,
			);
			path = "ios AssignmentTests";
			sourceTree = "<group>";
		};
		2FBFA9C62412305B006B863C /* Model */ = {
			isa = PBXGroup;
			children = (
				2FBFA9C724123083006B863C /* CountryListModel.swift */,
			);
			path = Model;
			sourceTree = "<group>";
		};
		2FBFA9C92412308E006B863C /* ViewModel */ = {
			isa = PBXGroup;
			children = (
				2FBFA9CA241230BB006B863C /* CountryListVM.swift */,
			);
			path = ViewModel;
			sourceTree = "<group>";
		};
		2FBFA9CC241230C9006B863C /* View */ = {
			isa = PBXGroup;
			children = (
				2FBFA9CD241230D7006B863C /* CountryListCell */,
			);
			path = View;
			sourceTree = "<group>";
		};
		2FBFA9CD241230D7006B863C /* CountryListCell */ = {
			isa = PBXGroup;
			children = (
				2FBFA9CE2412311B006B863C /* CountryListCell.swift */,
			);
			path = CountryListCell;
			sourceTree = "<group>";
		};
		2FBFA9D124123141006B863C /* Controller */ = {
			isa = PBXGroup;
			children = (
				2FBFA9D22412315F006B863C /* CountryList.swift */,
			);
			path = Controller;
			sourceTree = "<group>";
		};
		2FBFA9D424123308006B863C /* Common */ = {
			isa = PBXGroup;
			children = (
				2FBFA9D524123338006B863C /* Constant.swift */,
				2FBFA9D724123348006B863C /* URLHandler.swift */,
				2FBFA9D9241276ED006B863C /* Themes.swift */,
				2FBFA9DB241277AB006B863C /* Reachability.swift */,
				2F07F6A924160D8C00079788 /* Extensions.swift */,
			);
			path = Common;
			sourceTree = "<group>";
		};
		8A0F8A42CC89B67D422E42A1 /* Frameworks */ = {
			isa = PBXGroup;
			children = (
				BE73F34E059B6E0875C9C81B /* Pods_ios_Assignment.framework */,
				7D96EE4D8C2E1B0868EA6CAC /* Pods_ios_AssignmentTests.framework */,
			);
			name = Frameworks;
			sourceTree = "<group>";
		};
		93C29E50D020ADB10F5F1FEB /* Pods */ = {
			isa = PBXGroup;
			children = (
				62F166DA21616C401BA454EE /* Pods-ios Assignment.debug.xcconfig */,
				B54C352E594E8107E1A07AE0 /* Pods-ios Assignment.release.xcconfig */,
				E5D52B93699DEA3A1CBE3CD6 /* Pods-ios AssignmentTests.debug.xcconfig */,
				3A27234AE8F2FD1A8B040660 /* Pods-ios AssignmentTests.release.xcconfig */,
			);
			name = Pods;
			sourceTree = "<group>";
		};
/* End PBXGroup section */

/* Begin PBXNativeTarget section */
		2FBFA9A224122950006B863C /* ios Assignment */ = {
			isa = PBXNativeTarget;
			buildConfigurationList = 2FBFA9C024122951006B863C /* Build configuration list for PBXNativeTarget "ios Assignment" */;
			buildPhases = (
				1E2D9567DEAB63631C7DA41E /* [CP] Check Pods Manifest.lock */,
				2FBFA99F24122950006B863C /* Sources */,
				2FBFA9A024122950006B863C /* Frameworks */,
				2FBFA9A124122950006B863C /* Resources */,
				44858365CCD86D554B4446D6 /* [CP] Embed Pods Frameworks */,
				2F07F6B0241610F800079788 /* ShellScript */,
			);
			buildRules = (
			);
			dependencies = (
			);
			name = "ios Assignment";
			productName = "ios Assignment";
			productReference = 2FBFA9A324122950006B863C /* ios Assignment.app */;
			productType = "com.apple.product-type.application";
		};
		2FBFA9B624122951006B863C /* ios AssignmentTests */ = {
			isa = PBXNativeTarget;
			buildConfigurationList = 2FBFA9C324122951006B863C /* Build configuration list for PBXNativeTarget "ios AssignmentTests" */;
			buildPhases = (
				B955F44F35390767DA82814B /* [CP] Check Pods Manifest.lock */,
				2FBFA9B324122951006B863C /* Sources */,
				2FBFA9B424122951006B863C /* Frameworks */,
				2FBFA9B524122951006B863C /* Resources */,
			);
			buildRules = (
			);
			dependencies = (
				2FBFA9B924122951006B863C /* PBXTargetDependency */,
			);
			name = "ios AssignmentTests";
			productName = "ios AssignmentTests";
			productReference = 2FBFA9B724122951006B863C /* ios AssignmentTests.xctest */;
			productType = "com.apple.product-type.bundle.unit-test";
		};
/* End PBXNativeTarget section */

/* Begin PBXProject section */
		2FBFA99B24122950006B863C /* Project object */ = {
			isa = PBXProject;
			attributes = {
				LastSwiftUpdateCheck = 1020;
				LastUpgradeCheck = 1020;
				ORGANIZATIONNAME = INFOSYS;
				TargetAttributes = {
					2FBFA9A224122950006B863C = {
						CreatedOnToolsVersion = 10.2.1;
					};
					2FBFA9B624122951006B863C = {
						CreatedOnToolsVersion = 10.2.1;
						TestTargetID = 2FBFA9A224122950006B863C;
					};
				};
			};
			buildConfigurationList = 2FBFA99E24122950006B863C /* Build configuration list for PBXProject "ios Assignment" */;
			compatibilityVersion = "Xcode 9.3";
			developmentRegion = en;
			hasScannedForEncodings = 0;
			knownRegions = (
				en,
				Base,
			);
			mainGroup = 2FBFA99A24122950006B863C;
			productRefGroup = 2FBFA9A424122950006B863C /* Products */;
			projectDirPath = "";
			projectRoot = "";
			targets = (
				2FBFA9A224122950006B863C /* ios Assignment */,
				2FBFA9B624122951006B863C /* ios AssignmentTests */,
			);
		};
/* End PBXProject section */

/* Begin PBXResourcesBuildPhase section */
		2FBFA9A124122950006B863C /* Resources */ = {
			isa = PBXResourcesBuildPhase;
			buildActionMask = 2147483647;
			files = (
				2F07F6BC2416199900079788 /* .swiftlint.yml in Resources */,
				2FBFA9B124122951006B863C /* LaunchScreen.storyboard in Resources */,
				2F07F6AD24160E9100079788 /* Localizable.strings in Resources */,
				2FBFA9AE24122951006B863C /* Assets.xcassets in Resources */,
			);
			runOnlyForDeploymentPostprocessing = 0;
		};
		2FBFA9B524122951006B863C /* Resources */ = {
			isa = PBXResourcesBuildPhase;
			buildActionMask = 2147483647;
			files = (
			);
			runOnlyForDeploymentPostprocessing = 0;
		};
/* End PBXResourcesBuildPhase section */

/* Begin PBXShellScriptBuildPhase section */
		1E2D9567DEAB63631C7DA41E /* [CP] Check Pods Manifest.lock */ = {
			isa = PBXShellScriptBuildPhase;
			buildActionMask = 2147483647;
			files = (
			);
			inputPaths = (
				"${PODS_PODFILE_DIR_PATH}/Podfile.lock",
				"${PODS_ROOT}/Manifest.lock",
			);
			name = "[CP] Check Pods Manifest.lock";
			outputPaths = (
				"$(DERIVED_FILE_DIR)/Pods-ios Assignment-checkManifestLockResult.txt",
			);
			runOnlyForDeploymentPostprocessing = 0;
			shellPath = /bin/sh;
			shellScript = "diff \"${PODS_PODFILE_DIR_PATH}/Podfile.lock\" \"${PODS_ROOT}/Manifest.lock\" > /dev/null\nif [ $? != 0 ] ; then\n    # print error to STDERR\n    echo \"error: The sandbox is not in sync with the Podfile.lock. Run 'pod install' or update your CocoaPods installation.\" >&2\n    exit 1\nfi\n# This output is used by Xcode 'outputs' to avoid re-running this script phase.\necho \"SUCCESS\" > \"${SCRIPT_OUTPUT_FILE_0}\"\n";
			showEnvVarsInLog = 0;
		};
		2F07F6B0241610F800079788 /* ShellScript */ = {
			isa = PBXShellScriptBuildPhase;
			buildActionMask = 2147483647;
			files = (
			);
			inputPaths = (
			);
			outputPaths = (
			);
			runOnlyForDeploymentPostprocessing = 0;
			shellPath = /bin/sh;
			shellScript = "if which swiftlint >/dev/null; then\nswiftlint\nelse\necho \"warning: SwiftLint not installed, download from https://github.com/realm/SwiftLint\"\nfi\n";
		};
		44858365CCD86D554B4446D6 /* [CP] Embed Pods Frameworks */ = {
			isa = PBXShellScriptBuildPhase;
			buildActionMask = 2147483647;
			files = (
			);
			inputPaths = (
				"${SRCROOT}/Pods/Target Support Files/Pods-ios Assignment/Pods-ios Assignment-frameworks.sh",
				"${BUILT_PRODUCTS_DIR}/SDWebImage/SDWebImage.framework",
				"${BUILT_PRODUCTS_DIR}/SVProgressHUD/SVProgressHUD.framework",
				"${BUILT_PRODUCTS_DIR}/Toast-Swift/Toast_Swift.framework",
			);
			name = "[CP] Embed Pods Frameworks";
			outputPaths = (
				"${TARGET_BUILD_DIR}/${FRAMEWORKS_FOLDER_PATH}/SDWebImage.framework",
				"${TARGET_BUILD_DIR}/${FRAMEWORKS_FOLDER_PATH}/SVProgressHUD.framework",
				"${TARGET_BUILD_DIR}/${FRAMEWORKS_FOLDER_PATH}/Toast_Swift.framework",
			);
			runOnlyForDeploymentPostprocessing = 0;
			shellPath = /bin/sh;
			shellScript = "\"${SRCROOT}/Pods/Target Support Files/Pods-ios Assignment/Pods-ios Assignment-frameworks.sh\"\n";
			showEnvVarsInLog = 0;
		};
		B955F44F35390767DA82814B /* [CP] Check Pods Manifest.lock */ = {
			isa = PBXShellScriptBuildPhase;
			buildActionMask = 2147483647;
			files = (
			);
			inputPaths = (
				"${PODS_PODFILE_DIR_PATH}/Podfile.lock",
				"${PODS_ROOT}/Manifest.lock",
			);
			name = "[CP] Check Pods Manifest.lock";
			outputPaths = (
				"$(DERIVED_FILE_DIR)/Pods-ios AssignmentTests-checkManifestLockResult.txt",
			);
			runOnlyForDeploymentPostprocessing = 0;
			shellPath = /bin/sh;
			shellScript = "diff \"${PODS_PODFILE_DIR_PATH}/Podfile.lock\" \"${PODS_ROOT}/Manifest.lock\" > /dev/null\nif [ $? != 0 ] ; then\n    # print error to STDERR\n    echo \"error: The sandbox is not in sync with the Podfile.lock. Run 'pod install' or update your CocoaPods installation.\" >&2\n    exit 1\nfi\n# This output is used by Xcode 'outputs' to avoid re-running this script phase.\necho \"SUCCESS\" > \"${SCRIPT_OUTPUT_FILE_0}\"\n";
			showEnvVarsInLog = 0;
		};
/* End PBXShellScriptBuildPhase section */

/* Begin PBXSourcesBuildPhase section */
		2FBFA99F24122950006B863C /* Sources */ = {
			isa = PBXSourcesBuildPhase;
			buildActionMask = 2147483647;
			files = (
				2FBFA9D824123348006B863C /* URLHandler.swift in Sources */,
				2FBFA9CF2412311B006B863C /* CountryListCell.swift in Sources */,
				2FBFA9D32412315F006B863C /* CountryList.swift in Sources */,
				2FBFA9CB241230BB006B863C /* CountryListVM.swift in Sources */,
				2FBFA9C824123083006B863C /* CountryListModel.swift in Sources */,
				2F07F6AA24160D8C00079788 /* Extensions.swift in Sources */,
				2FBFA9DC241277AB006B863C /* Reachability.swift in Sources */,
				2FBFA9DA241276ED006B863C /* Themes.swift in Sources */,
				2FBFA9A724122950006B863C /* AppDelegate.swift in Sources */,
				2FBFA9D624123338006B863C /* Constant.swift in Sources */,
			);
			runOnlyForDeploymentPostprocessing = 0;
		};
		2FBFA9B324122951006B863C /* Sources */ = {
			isa = PBXSourcesBuildPhase;
			buildActionMask = 2147483647;
			files = (
				2FBFA9BC24122951006B863C /* ios_AssignmentTests.swift in Sources */,
			);
			runOnlyForDeploymentPostprocessing = 0;
		};
/* End PBXSourcesBuildPhase section */

/* Begin PBXTargetDependency section */
		2FBFA9B924122951006B863C /* PBXTargetDependency */ = {
			isa = PBXTargetDependency;
			target = 2FBFA9A224122950006B863C /* ios Assignment */;
			targetProxy = 2FBFA9B824122951006B863C /* PBXContainerItemProxy */;
		};
/* End PBXTargetDependency section */

/* Begin PBXVariantGroup section */
		2F07F6AF24160E9100079788 /* Localizable.strings */ = {
			isa = PBXVariantGroup;
			children = (
				2F07F6AE24160E9100079788 /* en */,
			);
			name = Localizable.strings;
			sourceTree = "<group>";
		};
		2FBFA9AF24122951006B863C /* LaunchScreen.storyboard */ = {
			isa = PBXVariantGroup;
			children = (
				2FBFA9B024122951006B863C /* Base */,
			);
			name = LaunchScreen.storyboard;
			sourceTree = "<group>";
		};
/* End PBXVariantGroup section */

/* Begin XCBuildConfiguration section */
		2FBFA9BE24122951006B863C /* Debug */ = {
			isa = XCBuildConfiguration;
			buildSettings = {
				ALWAYS_SEARCH_USER_PATHS = NO;
				CLANG_ANALYZER_NONNULL = YES;
				CLANG_ANALYZER_NUMBER_OBJECT_CONVERSION = YES_AGGRESSIVE;
				CLANG_CXX_LANGUAGE_STANDARD = "gnu++14";
				CLANG_CXX_LIBRARY = "libc++";
				CLANG_ENABLE_MODULES = YES;
				CLANG_ENABLE_OBJC_ARC = YES;
				CLANG_ENABLE_OBJC_WEAK = YES;
				CLANG_WARN_BLOCK_CAPTURE_AUTORELEASING = YES;
				CLANG_WARN_BOOL_CONVERSION = YES;
				CLANG_WARN_COMMA = YES;
				CLANG_WARN_CONSTANT_CONVERSION = YES;
				CLANG_WARN_DEPRECATED_OBJC_IMPLEMENTATIONS = YES;
				CLANG_WARN_DIRECT_OBJC_ISA_USAGE = YES_ERROR;
				CLANG_WARN_DOCUMENTATION_COMMENTS = YES;
				CLANG_WARN_EMPTY_BODY = YES;
				CLANG_WARN_ENUM_CONVERSION = YES;
				CLANG_WARN_INFINITE_RECURSION = YES;
				CLANG_WARN_INT_CONVERSION = YES;
				CLANG_WARN_NON_LITERAL_NULL_CONVERSION = YES;
				CLANG_WARN_OBJC_IMPLICIT_RETAIN_SELF = YES;
				CLANG_WARN_OBJC_LITERAL_CONVERSION = YES;
				CLANG_WARN_OBJC_ROOT_CLASS = YES_ERROR;
				CLANG_WARN_RANGE_LOOP_ANALYSIS = YES;
				CLANG_WARN_STRICT_PROTOTYPES = YES;
				CLANG_WARN_SUSPICIOUS_MOVE = YES;
				CLANG_WARN_UNGUARDED_AVAILABILITY = YES_AGGRESSIVE;
				CLANG_WARN_UNREACHABLE_CODE = YES;
				CLANG_WARN__DUPLICATE_METHOD_MATCH = YES;
				CODE_SIGN_IDENTITY = "iPhone Developer";
				COPY_PHASE_STRIP = NO;
				DEBUG_INFORMATION_FORMAT = dwarf;
				ENABLE_STRICT_OBJC_MSGSEND = YES;
				ENABLE_TESTABILITY = YES;
				GCC_C_LANGUAGE_STANDARD = gnu11;
				GCC_DYNAMIC_NO_PIC = NO;
				GCC_NO_COMMON_BLOCKS = YES;
				GCC_OPTIMIZATION_LEVEL = 0;
				GCC_PREPROCESSOR_DEFINITIONS = (
					"DEBUG=1",
					"$(inherited)",
				);
				GCC_WARN_64_TO_32_BIT_CONVERSION = YES;
				GCC_WARN_ABOUT_RETURN_TYPE = YES_ERROR;
				GCC_WARN_UNDECLARED_SELECTOR = YES;
				GCC_WARN_UNINITIALIZED_AUTOS = YES_AGGRESSIVE;
				GCC_WARN_UNUSED_FUNCTION = YES;
				GCC_WARN_UNUSED_VARIABLE = YES;
				IPHONEOS_DEPLOYMENT_TARGET = 12.2;
				MTL_ENABLE_DEBUG_INFO = INCLUDE_SOURCE;
				MTL_FAST_MATH = YES;
				ONLY_ACTIVE_ARCH = YES;
				SDKROOT = iphoneos;
				SWIFT_ACTIVE_COMPILATION_CONDITIONS = DEBUG;
				SWIFT_OPTIMIZATION_LEVEL = "-Onone";
			};
			name = Debug;
		};
		2FBFA9BF24122951006B863C /* Release */ = {
			isa = XCBuildConfiguration;
			buildSettings = {
				ALWAYS_SEARCH_USER_PATHS = NO;
				CLANG_ANALYZER_NONNULL = YES;
				CLANG_ANALYZER_NUMBER_OBJECT_CONVERSION = YES_AGGRESSIVE;
				CLANG_CXX_LANGUAGE_STANDARD = "gnu++14";
				CLANG_CXX_LIBRARY = "libc++";
				CLANG_ENABLE_MODULES = YES;
				CLANG_ENABLE_OBJC_ARC = YES;
				CLANG_ENABLE_OBJC_WEAK = YES;
				CLANG_WARN_BLOCK_CAPTURE_AUTORELEASING = YES;
				CLANG_WARN_BOOL_CONVERSION = YES;
				CLANG_WARN_COMMA = YES;
				CLANG_WARN_CONSTANT_CONVERSION = YES;
				CLANG_WARN_DEPRECATED_OBJC_IMPLEMENTATIONS = YES;
				CLANG_WARN_DIRECT_OBJC_ISA_USAGE = YES_ERROR;
				CLANG_WARN_DOCUMENTATION_COMMENTS = YES;
				CLANG_WARN_EMPTY_BODY = YES;
				CLANG_WARN_ENUM_CONVERSION = YES;
				CLANG_WARN_INFINITE_RECURSION = YES;
				CLANG_WARN_INT_CONVERSION = YES;
				CLANG_WARN_NON_LITERAL_NULL_CONVERSION = YES;
				CLANG_WARN_OBJC_IMPLICIT_RETAIN_SELF = YES;
				CLANG_WARN_OBJC_LITERAL_CONVERSION = YES;
				CLANG_WARN_OBJC_ROOT_CLASS = YES_ERROR;
				CLANG_WARN_RANGE_LOOP_ANALYSIS = YES;
				CLANG_WARN_STRICT_PROTOTYPES = YES;
				CLANG_WARN_SUSPICIOUS_MOVE = YES;
				CLANG_WARN_UNGUARDED_AVAILABILITY = YES_AGGRESSIVE;
				CLANG_WARN_UNREACHABLE_CODE = YES;
				CLANG_WARN__DUPLICATE_METHOD_MATCH = YES;
				CODE_SIGN_IDENTITY = "iPhone Developer";
				COPY_PHASE_STRIP = NO;
				DEBUG_INFORMATION_FORMAT = "dwarf-with-dsym";
				ENABLE_NS_ASSERTIONS = NO;
				ENABLE_STRICT_OBJC_MSGSEND = YES;
				GCC_C_LANGUAGE_STANDARD = gnu11;
				GCC_NO_COMMON_BLOCKS = YES;
				GCC_WARN_64_TO_32_BIT_CONVERSION = YES;
				GCC_WARN_ABOUT_RETURN_TYPE = YES_ERROR;
				GCC_WARN_UNDECLARED_SELECTOR = YES;
				GCC_WARN_UNINITIALIZED_AUTOS = YES_AGGRESSIVE;
				GCC_WARN_UNUSED_FUNCTION = YES;
				GCC_WARN_UNUSED_VARIABLE = YES;
				IPHONEOS_DEPLOYMENT_TARGET = 12.2;
				MTL_ENABLE_DEBUG_INFO = NO;
				MTL_FAST_MATH = YES;
				SDKROOT = iphoneos;
				SWIFT_COMPILATION_MODE = wholemodule;
				SWIFT_OPTIMIZATION_LEVEL = "-O";
				VALIDATE_PRODUCT = YES;
			};
			name = Release;
		};
		2FBFA9C124122951006B863C /* Debug */ = {
			isa = XCBuildConfiguration;
			baseConfigurationReference = 62F166DA21616C401BA454EE /* Pods-ios Assignment.debug.xcconfig */;
			buildSettings = {
				ASSETCATALOG_COMPILER_APPICON_NAME = AppIcon;
				CODE_SIGN_STYLE = Automatic;
				INFOPLIST_FILE = "ios Assignment/Info.plist";
				LD_RUNPATH_SEARCH_PATHS = (
					"$(inherited)",
					"@executable_path/Frameworks",
				);
				PRODUCT_BUNDLE_IDENTIFIER = "com.infosys.ios-Assignment";
				PRODUCT_NAME = "$(TARGET_NAME)";
				SWIFT_VERSION = 5.0;
				TARGETED_DEVICE_FAMILY = "1,2";
			};
			name = Debug;
		};
		2FBFA9C224122951006B863C /* Release */ = {
			isa = XCBuildConfiguration;
			baseConfigurationReference = B54C352E594E8107E1A07AE0 /* Pods-ios Assignment.release.xcconfig */;
			buildSettings = {
				ASSETCATALOG_COMPILER_APPICON_NAME = AppIcon;
				CODE_SIGN_STYLE = Automatic;
				INFOPLIST_FILE = "ios Assignment/Info.plist";
				LD_RUNPATH_SEARCH_PATHS = (
					"$(inherited)",
					"@executable_path/Frameworks",
				);
				PRODUCT_BUNDLE_IDENTIFIER = "com.infosys.ios-Assignment";
				PRODUCT_NAME = "$(TARGET_NAME)";
				SWIFT_VERSION = 5.0;
				TARGETED_DEVICE_FAMILY = "1,2";
			};
			name = Release;
		};
		2FBFA9C424122951006B863C /* Debug */ = {
			isa = XCBuildConfiguration;
			baseConfigurationReference = E5D52B93699DEA3A1CBE3CD6 /* Pods-ios AssignmentTests.debug.xcconfig */;
			buildSettings = {
				ALWAYS_EMBED_SWIFT_STANDARD_LIBRARIES = YES;
				BUNDLE_LOADER = "$(TEST_HOST)";
				CODE_SIGN_STYLE = Automatic;
				INFOPLIST_FILE = "ios AssignmentTests/Info.plist";
				LD_RUNPATH_SEARCH_PATHS = (
					"$(inherited)",
					"@executable_path/Frameworks",
					"@loader_path/Frameworks",
				);
				PRODUCT_BUNDLE_IDENTIFIER = "com.infosys.ios-AssignmentTests";
				PRODUCT_NAME = "$(TARGET_NAME)";
				SWIFT_VERSION = 5.0;
				TARGETED_DEVICE_FAMILY = "1,2";
				TEST_HOST = "$(BUILT_PRODUCTS_DIR)/ios Assignment.app/ios Assignment";
			};
			name = Debug;
		};
		2FBFA9C524122951006B863C /* Release */ = {
			isa = XCBuildConfiguration;
			baseConfigurationReference = 3A27234AE8F2FD1A8B040660 /* Pods-ios AssignmentTests.release.xcconfig */;
			buildSettings = {
				ALWAYS_EMBED_SWIFT_STANDARD_LIBRARIES = YES;
				BUNDLE_LOADER = "$(TEST_HOST)";
				CODE_SIGN_STYLE = Automatic;
				INFOPLIST_FILE = "ios AssignmentTests/Info.plist";
				LD_RUNPATH_SEARCH_PATHS = (
					"$(inherited)",
					"@executable_path/Frameworks",
					"@loader_path/Frameworks",
				);
				PRODUCT_BUNDLE_IDENTIFIER = "com.infosys.ios-AssignmentTests";
				PRODUCT_NAME = "$(TARGET_NAME)";
				SWIFT_VERSION = 5.0;
				TARGETED_DEVICE_FAMILY = "1,2";
				TEST_HOST = "$(BUILT_PRODUCTS_DIR)/ios Assignment.app/ios Assignment";
			};
			name = Release;
		};
/* End XCBuildConfiguration section */

/* Begin XCConfigurationList section */
		2FBFA99E24122950006B863C /* Build configuration list for PBXProject "ios Assignment" */ = {
			isa = XCConfigurationList;
			buildConfigurations = (
				2FBFA9BE24122951006B863C /* Debug */,
				2FBFA9BF24122951006B863C /* Release */,
			);
			defaultConfigurationIsVisible = 0;
			defaultConfigurationName = Release;
		};
		2FBFA9C024122951006B863C /* Build configuration list for PBXNativeTarget "ios Assignment" */ = {
			isa = XCConfigurationList;
			buildConfigurations = (
				2FBFA9C124122951006B863C /* Debug */,
				2FBFA9C224122951006B863C /* Release */,
			);
			defaultConfigurationIsVisible = 0;
			defaultConfigurationName = Release;
		};
		2FBFA9C324122951006B863C /* Build configuration list for PBXNativeTarget "ios AssignmentTests" */ = {
			isa = XCConfigurationList;
			buildConfigurations = (
				2FBFA9C424122951006B863C /* Debug */,
				2FBFA9C524122951006B863C /* Release */,
			);
			defaultConfigurationIsVisible = 0;
			defaultConfigurationName = Release;
		};
/* End XCConfigurationList section */
	};
	rootObject = 2FBFA99B24122950006B863C /* Project object */;
}
